<?xml version="1.0" encoding="utf-8"?>
<Project ToolsVersion="4.0" xmlns="http://schemas.microsoft.com/developer/msbuild/2003">
  <ItemGroup>
    <ClCompile Include="source\MapEditorViewportWindow.cpp">
      <Filter>Source Files</Filter>
    </ClCompile>
    <ClCompile Include="source\ViewportGApp.cpp">
      <Filter>Source Files</Filter>
    </ClCompile>
    <ClCompile Include="source\MapEditorApp.cpp">
      <Filter>Source Files</Filter>
    </ClCompile>
  </ItemGroup>
  <ItemGroup>
    <ClInclude Include="source\MapEditorViewportWindow.h">
      <Filter>Header Files</Filter>
    </ClInclude>
    <ClInclude Include="source\ViewportGApp.h">
      <Filter>Header Files</Filter>
    </ClInclude>
    <ClInclude Include="source\MapEditorApp.h">
      <Filter>Header Files</Filter>
    </ClInclude>
    <ClInclude Include="source\str_maybe_unicode.h">
      <Filter>Header Files</Filter>
    </ClInclude>
    <ClInclude Include="source\MapEditorViewportWindowUserData.h">
      <Filter>Header Files</Filter>
    </ClInclude>
  </ItemGroup>
  <ItemGroup>
    <ResourceCompile Include="resources.rc" />
  </ItemGroup>
  <ItemGroup>
    <None Include="journal\journal.md.html" />
    <None Include="data-files\scenes\empty.Scene.Any">
      <Filter>Data Files\Scenes</Filter>
    </None>
  </ItemGroup>
  <ItemGroup>
    <Filter Include="Source Files">
      <UniqueIdentifier>{e022396f-0616-4d65-bb46-4497a9a24891}</UniqueIdentifier>
      <Extensions>*.cpp</Extensions>
    </Filter>
    <Filter Include="Header Files">
      <UniqueIdentifier>{7808eb57-c0e1-4947-8248-1127238ea26e}</UniqueIdentifier>
      <Extensions>*.h</Extensions>
    </Filter>
    <Filter Include="Shader Files">
      <UniqueIdentifier>{562523b7-dfa2-4cfa-acae-1ad7ade219dd}</UniqueIdentifier>
      <Extensions>*.vrt;*.geo;*.pix</Extensions>
    </Filter>
    <Filter Include="Data Files">
      <UniqueIdentifier>{c5caa58f-6fcb-4d13-adfe-4fdc1e66401f}</UniqueIdentifier>
    </Filter>
    <Filter Include="Data Files\Scenes">
      <UniqueIdentifier>{f7819c7b-69f2-4778-bec8-4dbee2bfa711}</UniqueIdentifier>
      <Extensions>*.any</Extensions>
    </Filter>
    <Filter Include="Data Files\Icons">
      <UniqueIdentifier>{47933ed0-3942-4ac2-a9bd-0fa37e659cbf}</UniqueIdentifier>
    </Filter>
  </ItemGroup>
  <ItemGroup>
    <Image Include="data-files\icons\map_editor.ico">
      <Filter>Data Files\Icons</Filter>
    </Image>
  </ItemGroup>
</Project>